
Microsoft Visual Studio Solution File, Format Version 12.00
# Visual Studio Version 17
VisualStudioVersion = 17.13.35818.85 d17.13
MinimumVisualStudioVersion = 10.0.40219.1
Project("{FAE04EC0-301F-11D3-BF4B-00C04F79EFBC}") = "lindaniStudyGroup", "lindaniStudyGroup.csproj", "{C50CF6F9-EFDB-4347-AC9D-42BD08AEED01}"
EndProject
Global
	GlobalSection(SolutionConfigurationPlatforms) = preSolution
		Debug|Any CPU = Debug|Any CPU
		Release|Any CPU = Release|Any CPU
	EndGlobalSection
	GlobalSection(ProjectConfigurationPlatforms) = postSolution
		{C50CF6F9-EFDB-4347-AC9D-42BD08AEED01}.Debug|Any CPU.ActiveCfg = Debug|Any CPU
		{C50CF6F9-EFDB-4347-AC9D-42BD08AEED01}.Debug|Any CPU.Build.0 = Debug|Any CPU
		{C50CF6F9-EFDB-4347-AC9D-42BD08AEED01}.Release|Any CPU.ActiveCfg = Release|Any CPU
		{C50CF6F9-EFDB-4347-AC9D-42BD08AEED01}.Release|Any CPU.Build.0 = Release|Any CPU
	EndGlobalSection
	GlobalSection(SolutionProperties) = preSolution
		HideSolutionNode = FALSE
	EndGlobalSection
	GlobalSection(ExtensibilityGlobals) = postSolution
		SolutionGuid = {DBE6EB75-2DD9-43FD-A50B-36B51AFDBA9D}
	EndGlobalSection
EndGlobal
